// !$*UTF8*$!
{
	archiveVersion = 1;
	classes = {
	};
	objectVersion = 56;
	objects = {

/* Begin PBXBuildFile section */
		9A9A0F032BE9849100796F8F /* CardsView.swift in Sources */ = {isa = PBXBuildFile; fileRef = 9A9A0F022BE9849100796F8F /* CardsView.swift */; };
		9A9A0F0B2BE9858600796F8F /* CardView.swift in Sources */ = {isa = PBXBuildFile; fileRef = 9A9A0F0A2BE9858600796F8F /* CardView.swift */; };
		9A9A0F0E2BEA3B2400796F8F /* MemorizeGame.swift in Sources */ = {isa = PBXBuildFile; fileRef = 9A9A0F0D2BEA3B2400796F8F /* MemorizeGame.swift */; };
		9A9A0F102BEA3BD700796F8F /* EmojiMemorizeGame.swift in Sources */ = {isa = PBXBuildFile; fileRef = 9A9A0F0F2BEA3BD700796F8F /* EmojiMemorizeGame.swift */; };
		9AA8A6E82BE8572B0052BD52 /* MemorizeApp.swift in Sources */ = {isa = PBXBuildFile; fileRef = 9AA8A6E72BE8572B0052BD52 /* MemorizeApp.swift */; };
		9AA8A6EA2BE8572B0052BD52 /* EmojiMemoryGameView.swift in Sources */ = {isa = PBXBuildFile; fileRef = 9AA8A6E92BE8572B0052BD52 /* EmojiMemoryGameView.swift */; };
		9AA8A6EC2BE8572C0052BD52 /* Assets.xcassets in Resources */ = {isa = PBXBuildFile; fileRef = 9AA8A6EB2BE8572C0052BD52 /* Assets.xcassets */; };
		9AA8A6F02BE8572C0052BD52 /* Preview Assets.xcassets in Resources */ = {isa = PBXBuildFile; fileRef = 9AA8A6EF2BE8572C0052BD52 /* Preview Assets.xcassets */; };
		9AA8A6FA2BE8572C0052BD52 /* MemorizeTests.swift in Sources */ = {isa = PBXBuildFile; fileRef = 9AA8A6F92BE8572C0052BD52 /* MemorizeTests.swift */; };
		9AA8A7042BE8572C0052BD52 /* MemorizeUITests.swift in Sources */ = {isa = PBXBuildFile; fileRef = 9AA8A7032BE8572C0052BD52 /* MemorizeUITests.swift */; };
		9AA8A7062BE8572C0052BD52 /* MemorizeUITestsLaunchTests.swift in Sources */ = {isa = PBXBuildFile; fileRef = 9AA8A7052BE8572C0052BD52 /* MemorizeUITestsLaunchTests.swift */; };
/* End PBXBuildFile section */

/* Begin PBXContainerItemProxy section */
		9AA8A6F62BE8572C0052BD52 /* PBXContainerItemProxy */ = {
			isa = PBXContainerItemProxy;
			containerPortal = 9AA8A6DC2BE8572B0052BD52 /* Project object */;
			proxyType = 1;
			remoteGlobalIDString = 9AA8A6E32BE8572B0052BD52;
			remoteInfo = Memorize;
		};
		9AA8A7002BE8572C0052BD52 /* PBXContainerItemProxy */ = {
			isa = PBXContainerItemProxy;
			containerPortal = 9AA8A6DC2BE8572B0052BD52 /* Project object */;
			proxyType = 1;
			remoteGlobalIDString = 9AA8A6E32BE8572B0052BD52;
			remoteInfo = Memorize;
		};
/* End PBXContainerItemProxy section */

/* Begin PBXFileReference section */
		9A9A0F022BE9849100796F8F /* CardsView.swift */ = {isa = PBXFileReference; lastKnownFileType = sourcecode.swift; path = CardsView.swift; sourceTree = "<group>"; };
		9A9A0F0A2BE9858600796F8F /* CardView.swift */ = {isa = PBXFileReference; lastKnownFileType = sourcecode.swift; path = CardView.swift; sourceTree = "<group>"; };
		9A9A0F0D2BEA3B2400796F8F /* MemorizeGame.swift */ = {isa = PBXFileReference; lastKnownFileType = sourcecode.swift; path = MemorizeGame.swift; sourceTree = "<group>"; };
		9A9A0F0F2BEA3BD700796F8F /* EmojiMemorizeGame.swift */ = {isa = PBXFileReference; lastKnownFileType = sourcecode.swift; path = EmojiMemorizeGame.swift; sourceTree = "<group>"; };
		9AA8A6E42BE8572B0052BD52 /* Memorize.app */ = {isa = PBXFileReference; explicitFileType = wrapper.application; includeInIndex = 0; path = Memorize.app; sourceTree = BUILT_PRODUCTS_DIR; };
		9AA8A6E72BE8572B0052BD52 /* MemorizeApp.swift */ = {isa = PBXFileReference; lastKnownFileType = sourcecode.swift; path = MemorizeApp.swift; sourceTree = "<group>"; };
		9AA8A6E92BE8572B0052BD52 /* EmojiMemoryGameView.swift */ = {isa = PBXFileReference; lastKnownFileType = sourcecode.swift; path = EmojiMemoryGameView.swift; sourceTree = "<group>"; };
		9AA8A6EB2BE8572C0052BD52 /* Assets.xcassets */ = {isa = PBXFileReference; lastKnownFileType = folder.assetcatalog; path = Assets.xcassets; sourceTree = "<group>"; };
		9AA8A6ED2BE8572C0052BD52 /* Memorize.entitlements */ = {isa = PBXFileReference; lastKnownFileType = text.plist.entitlements; path = Memorize.entitlements; sourceTree = "<group>"; };
		9AA8A6EF2BE8572C0052BD52 /* Preview Assets.xcassets */ = {isa = PBXFileReference; lastKnownFileType = folder.assetcatalog; path = "Preview Assets.xcassets"; sourceTree = "<group>"; };
		9AA8A6F52BE8572C0052BD52 /* MemorizeTests.xctest */ = {isa = PBXFileReference; explicitFileType = wrapper.cfbundle; includeInIndex = 0; path = MemorizeTests.xctest; sourceTree = BUILT_PRODUCTS_DIR; };
		9AA8A6F92BE8572C0052BD52 /* MemorizeTests.swift */ = {isa = PBXFileReference; lastKnownFileType = sourcecode.swift; path = MemorizeTests.swift; sourceTree = "<group>"; };
		9AA8A6FF2BE8572C0052BD52 /* MemorizeUITests.xctest */ = {isa = PBXFileReference; explicitFileType = wrapper.cfbundle; includeInIndex = 0; path = MemorizeUITests.xctest; sourceTree = BUILT_PRODUCTS_DIR; };
		9AA8A7032BE8572C0052BD52 /* MemorizeUITests.swift */ = {isa = PBXFileReference; lastKnownFileType = sourcecode.swift; path = MemorizeUITests.swift; sourceTree = "<group>"; };
		9AA8A7052BE8572C0052BD52 /* MemorizeUITestsLaunchTests.swift */ = {isa = PBXFileReference; lastKnownFileType = sourcecode.swift; path = MemorizeUITestsLaunchTests.swift; sourceTree = "<group>"; };
/* End PBXFileReference section */

/* Begin PBXFrameworksBuildPhase section */
		9AA8A6E12BE8572B0052BD52 /* Frameworks */ = {
			isa = PBXFrameworksBuildPhase;
			buildActionMask = 2147483647;
			files = (
			);
			runOnlyForDeploymentPostprocessing = 0;
		};
		9AA8A6F22BE8572C0052BD52 /* Frameworks */ = {
			isa = PBXFrameworksBuildPhase;
			buildActionMask = 2147483647;
			files = (
			);
			runOnlyForDeploymentPostprocessing = 0;
		};
		9AA8A6FC2BE8572C0052BD52 /* Frameworks */ = {
			isa = PBXFrameworksBuildPhase;
			buildActionMask = 2147483647;
			files = (
			);
			runOnlyForDeploymentPostprocessing = 0;
		};
/* End PBXFrameworksBuildPhase section */

/* Begin PBXGroup section */
		9A9A0F002BE9847500796F8F /* UI */ = {
			isa = PBXGroup;
			children = (
				9A9A0F012BE9847C00796F8F /* Components */,
			);
			path = UI;
			sourceTree = "<group>";
		};
		9A9A0F012BE9847C00796F8F /* Components */ = {
			isa = PBXGroup;
			children = (
				9A9A0F022BE9849100796F8F /* CardsView.swift */,
				9A9A0F0A2BE9858600796F8F /* CardView.swift */,
			);
			path = Components;
			sourceTree = "<group>";
		};
		9A9A0F0C2BEA3B0000796F8F /* Model */ = {
			isa = PBXGroup;
			children = (
				9A9A0F0D2BEA3B2400796F8F /* MemorizeGame.swift */,
			);
			path = Model;
			sourceTree = "<group>";
		};
		9AA8A6DB2BE8572B0052BD52 = {
			isa = PBXGroup;
			children = (
				9AA8A6E62BE8572B0052BD52 /* Memorize */,
				9AA8A6F82BE8572C0052BD52 /* MemorizeTests */,
				9AA8A7022BE8572C0052BD52 /* MemorizeUITests */,
				9AA8A6E52BE8572B0052BD52 /* Products */,
			);
			sourceTree = "<group>";
		};
		9AA8A6E52BE8572B0052BD52 /* Products */ = {
			isa = PBXGroup;
			children = (
				9AA8A6E42BE8572B0052BD52 /* Memorize.app */,
				9AA8A6F52BE8572C0052BD52 /* MemorizeTests.xctest */,
				9AA8A6FF2BE8572C0052BD52 /* MemorizeUITests.xctest */,
			);
			name = Products;
			sourceTree = "<group>";
		};
		9AA8A6E62BE8572B0052BD52 /* Memorize */ = {
			isa = PBXGroup;
			children = (
				9A9A0F002BE9847500796F8F /* UI */,
				9A9A0F0C2BEA3B0000796F8F /* Model */,
				9A9A0F0F2BEA3BD700796F8F /* EmojiMemorizeGame.swift */,
				9AA8A6E72BE8572B0052BD52 /* MemorizeApp.swift */,
				9AA8A6E92BE8572B0052BD52 /* EmojiMemoryGameView.swift */,
				9AA8A6EB2BE8572C0052BD52 /* Assets.xcassets */,
				9AA8A6ED2BE8572C0052BD52 /* Memorize.entitlements */,
				9AA8A6EE2BE8572C0052BD52 /* Preview Content */,
			);
			path = Memorize;
			sourceTree = "<group>";
		};
		9AA8A6EE2BE8572C0052BD52 /* Preview Content */ = {
			isa = PBXGroup;
			children = (
				9AA8A6EF2BE8572C0052BD52 /* Preview Assets.xcassets */,
			);
			path = "Preview Content";
			sourceTree = "<group>";
		};
		9AA8A6F82BE8572C0052BD52 /* MemorizeTests */ = {
			isa = PBXGroup;
			children = (
				9AA8A6F92BE8572C0052BD52 /* MemorizeTests.swift */,
			);
			path = MemorizeTests;
			sourceTree = "<group>";
		};
		9AA8A7022BE8572C0052BD52 /* MemorizeUITests */ = {
			isa = PBXGroup;
			children = (
				9AA8A7032BE8572C0052BD52 /* MemorizeUITests.swift */,
				9AA8A7052BE8572C0052BD52 /* MemorizeUITestsLaunchTests.swift */,
			);
			path = MemorizeUITests;
			sourceTree = "<group>";
		};
/* End PBXGroup section */

/* Begin PBXNativeTarget section */
		9AA8A6E32BE8572B0052BD52 /* Memorize */ = {
			isa = PBXNativeTarget;
			buildConfigurationList = 9AA8A7092BE8572C0052BD52 /* Build configuration list for PBXNativeTarget "Memorize" */;
			buildPhases = (
				9AA8A6E02BE8572B0052BD52 /* Sources */,
				9AA8A6E12BE8572B0052BD52 /* Frameworks */,
				9AA8A6E22BE8572B0052BD52 /* Resources */,
			);
			buildRules = (
			);
			dependencies = (
			);
			name = Memorize;
			productName = Memorize;
			productReference = 9AA8A6E42BE8572B0052BD52 /* Memorize.app */;
			productType = "com.apple.product-type.application";
		};
		9AA8A6F42BE8572C0052BD52 /* MemorizeTests */ = {
			isa = PBXNativeTarget;
			buildConfigurationList = 9AA8A70C2BE8572C0052BD52 /* Build configuration list for PBXNativeTarget "MemorizeTests" */;
			buildPhases = (
				9AA8A6F12BE8572C0052BD52 /* Sources */,
				9AA8A6F22BE8572C0052BD52 /* Frameworks */,
				9AA8A6F32BE8572C0052BD52 /* Resources */,
			);
			buildRules = (
			);
			dependencies = (
				9AA8A6F72BE8572C0052BD52 /* PBXTargetDependency */,
			);
			name = MemorizeTests;
			productName = MemorizeTests;
			productReference = 9AA8A6F52BE8572C0052BD52 /* MemorizeTests.xctest */;
			productType = "com.apple.product-type.bundle.unit-test";
		};
		9AA8A6FE2BE8572C0052BD52 /* MemorizeUITests */ = {
			isa = PBXNativeTarget;
			buildConfigurationList = 9AA8A70F2BE8572C0052BD52 /* Build configuration list for PBXNativeTarget "MemorizeUITests" */;
			buildPhases = (
				9AA8A6FB2BE8572C0052BD52 /* Sources */,
				9AA8A6FC2BE8572C0052BD52 /* Frameworks */,
				9AA8A6FD2BE8572C0052BD52 /* Resources */,
			);
			buildRules = (
			);
			dependencies = (
				9AA8A7012BE8572C0052BD52 /* PBXTargetDependency */,
			);
			name = MemorizeUITests;
			productName = MemorizeUITests;
			productReference = 9AA8A6FF2BE8572C0052BD52 /* MemorizeUITests.xctest */;
			productType = "com.apple.product-type.bundle.ui-testing";
		};
/* End PBXNativeTarget section */

/* Begin PBXProject section */
		9AA8A6DC2BE8572B0052BD52 /* Project object */ = {
			isa = PBXProject;
			attributes = {
				BuildIndependentTargetsInParallel = 1;
				LastSwiftUpdateCheck = 1530;
				LastUpgradeCheck = 1530;
				TargetAttributes = {
					9AA8A6E32BE8572B0052BD52 = {
						CreatedOnToolsVersion = 15.3;
					};
					9AA8A6F42BE8572C0052BD52 = {
						CreatedOnToolsVersion = 15.3;
						TestTargetID = 9AA8A6E32BE8572B0052BD52;
					};
					9AA8A6FE2BE8572C0052BD52 = {
						CreatedOnToolsVersion = 15.3;
						TestTargetID = 9AA8A6E32BE8572B0052BD52;
					};
				};
			};
			buildConfigurationList = 9AA8A6DF2BE8572B0052BD52 /* Build configuration list for PBXProject "Memorize" */;
			compatibilityVersion = "Xcode 14.0";
			developmentRegion = en;
			hasScannedForEncodings = 0;
			knownRegions = (
				en,
				Base,
			);
			mainGroup = 9AA8A6DB2BE8572B0052BD52;
			productRefGroup = 9AA8A6E52BE8572B0052BD52 /* Products */;
			projectDirPath = "";
			projectRoot = "";
			targets = (
				9AA8A6E32BE8572B0052BD52 /* Memorize */,
				9AA8A6F42BE8572C0052BD52 /* MemorizeTests */,
				9AA8A6FE2BE8572C0052BD52 /* MemorizeUITests */,
			);
		};
/* End PBXProject section */

/* Begin PBXResourcesBuildPhase section */
		9AA8A6E22BE8572B0052BD52 /* Resources */ = {
			isa = PBXResourcesBuildPhase;
			buildActionMask = 2147483647;
			files = (
				9AA8A6F02BE8572C0052BD52 /* Preview Assets.xcassets in Resources */,
				9AA8A6EC2BE8572C0052BD52 /* Assets.xcassets in Resources */,
			);
			runOnlyForDeploymentPostprocessing = 0;
		};
		9AA8A6F32BE8572C0052BD52 /* Resources */ = {
			isa = PBXResourcesBuildPhase;
			buildActionMask = 2147483647;
			files = (
			);
			runOnlyForDeploymentPostprocessing = 0;
		};
		9AA8A6FD2BE8572C0052BD52 /* Resources */ = {
			isa = PBXResourcesBuildPhase;
			buildActionMask = 2147483647;
			files = (
			);
			runOnlyForDeploymentPostprocessing = 0;
		};
/* End PBXResourcesBuildPhase section */

/* Begin PBXSourcesBuildPhase section */
		9AA8A6E02BE8572B0052BD52 /* Sources */ = {
			isa = PBXSourcesBuildPhase;
			buildActionMask = 2147483647;
			files = (
				9A9A0F0B2BE9858600796F8F /* CardView.swift in Sources */,
				9A9A0F032BE9849100796F8F /* CardsView.swift in Sources */,
				9A9A0F102BEA3BD700796F8F /* EmojiMemorizeGame.swift in Sources */,
				9AA8A6EA2BE8572B0052BD52 /* EmojiMemoryGameView.swift in Sources */,
				9A9A0F0E2BEA3B2400796F8F /* MemorizeGame.swift in Sources */,
				9AA8A6E82BE8572B0052BD52 /* MemorizeApp.swift in Sources */,
			);
			runOnlyForDeploymentPostprocessing = 0;
		};
		9AA8A6F12BE8572C0052BD52 /* Sources */ = {
			isa = PBXSourcesBuildPhase;
			buildActionMask = 2147483647;
			files = (
				9AA8A6FA2BE8572C0052BD52 /* MemorizeTests.swift in Sources */,
			);
			runOnlyForDeploymentPostprocessing = 0;
		};
		9AA8A6FB2BE8572C0052BD52 /* Sources */ = {
			isa = PBXSourcesBuildPhase;
			buildActionMask = 2147483647;
			files = (
				9AA8A7062BE8572C0052BD52 /* MemorizeUITestsLaunchTests.swift in Sources */,
				9AA8A7042BE8572C0052BD52 /* MemorizeUITests.swift in Sources */,
			);
			runOnlyForDeploymentPostprocessing = 0;
		};
/* End PBXSourcesBuildPhase section */

/* Begin PBXTargetDependency section */
		9AA8A6F72BE8572C0052BD52 /* PBXTargetDependency */ = {
			isa = PBXTargetDependency;
			target = 9AA8A6E32BE8572B0052BD52 /* Memorize */;
			targetProxy = 9AA8A6F62BE8572C0052BD52 /* PBXContainerItemProxy */;
		};
		9AA8A7012BE8572C0052BD52 /* PBXTargetDependency */ = {
			isa = PBXTargetDependency;
			target = 9AA8A6E32BE8572B0052BD52 /* Memorize */;
			targetProxy = 9AA8A7002BE8572C0052BD52 /* PBXContainerItemProxy */;
		};
/* End PBXTargetDependency section */

/* Begin XCBuildConfiguration section */
		9AA8A7072BE8572C0052BD52 /* Debug */ = {
			isa = XCBuildConfiguration;
			buildSettings = {
				ALWAYS_SEARCH_USER_PATHS = NO;
				ASSETCATALOG_COMPILER_GENERATE_SWIFT_ASSET_SYMBOL_EXTENSIONS = YES;
				CLANG_ANALYZER_NONNULL = YES;
				CLANG_ANALYZER_NUMBER_OBJECT_CONVERSION = YES_AGGRESSIVE;
				CLANG_CXX_LANGUAGE_STANDARD = "gnu++20";
				CLANG_ENABLE_MODULES = YES;
				CLANG_ENABLE_OBJC_ARC = YES;
				CLANG_ENABLE_OBJC_WEAK = YES;
				CLANG_WARN_BLOCK_CAPTURE_AUTORELEASING = YES;
				CLANG_WARN_BOOL_CONVERSION = YES;
				CLANG_WARN_COMMA = YES;
				CLANG_WARN_CONSTANT_CONVERSION = YES;
				CLANG_WARN_DEPRECATED_OBJC_IMPLEMENTATIONS = YES;
				CLANG_WARN_DIRECT_OBJC_ISA_USAGE = YES_ERROR;
				CLANG_WARN_DOCUMENTATION_COMMENTS = YES;
				CLANG_WARN_EMPTY_BODY = YES;
				CLANG_WARN_ENUM_CONVERSION = YES;
				CLANG_WARN_INFINITE_RECURSION = YES;
				CLANG_WARN_INT_CONVERSION = YES;
				CLANG_WARN_NON_LITERAL_NULL_CONVERSION = YES;
				CLANG_WARN_OBJC_IMPLICIT_RETAIN_SELF = YES;
				CLANG_WARN_OBJC_LITERAL_CONVERSION = YES;
				CLANG_WARN_OBJC_ROOT_CLASS = YES_ERROR;
				CLANG_WARN_QUOTED_INCLUDE_IN_FRAMEWORK_HEADER = YES;
				CLANG_WARN_RANGE_LOOP_ANALYSIS = YES;
				CLANG_WARN_STRICT_PROTOTYPES = YES;
				CLANG_WARN_SUSPICIOUS_MOVE = YES;
				CLANG_WARN_UNGUARDED_AVAILABILITY = YES_AGGRESSIVE;
				CLANG_WARN_UNREACHABLE_CODE = YES;
				CLANG_WARN__DUPLICATE_METHOD_MATCH = YES;
				COPY_PHASE_STRIP = NO;
				DEBUG_INFORMATION_FORMAT = dwarf;
				ENABLE_STRICT_OBJC_MSGSEND = YES;
				ENABLE_TESTABILITY = YES;
				ENABLE_USER_SCRIPT_SANDBOXING = YES;
				GCC_C_LANGUAGE_STANDARD = gnu17;
				GCC_DYNAMIC_NO_PIC = NO;
				GCC_NO_COMMON_BLOCKS = YES;
				GCC_OPTIMIZATION_LEVEL = 0;
				GCC_PREPROCESSOR_DEFINITIONS = (
					"DEBUG=1",
					"$(inherited)",
				);
				GCC_WARN_64_TO_32_BIT_CONVERSION = YES;
				GCC_WARN_ABOUT_RETURN_TYPE = YES_ERROR;
				GCC_WARN_UNDECLARED_SELECTOR = YES;
				GCC_WARN_UNINITIALIZED_AUTOS = YES_AGGRESSIVE;
				GCC_WARN_UNUSED_FUNCTION = YES;
				GCC_WARN_UNUSED_VARIABLE = YES;
				LOCALIZATION_PREFERS_STRING_CATALOGS = YES;
				MTL_ENABLE_DEBUG_INFO = INCLUDE_SOURCE;
				MTL_FAST_MATH = YES;
				ONLY_ACTIVE_ARCH = YES;
				SWIFT_ACTIVE_COMPILATION_CONDITIONS = "DEBUG $(inherited)";
				SWIFT_OPTIMIZATION_LEVEL = "-Onone";
			};
			name = Debug;
		};
		9AA8A7082BE8572C0052BD52 /* Release */ = {
			isa = XCBuildConfiguration;
			buildSettings = {
				ALWAYS_SEARCH_USER_PATHS = NO;
				ASSETCATALOG_COMPILER_GENERATE_SWIFT_ASSET_SYMBOL_EXTENSIONS = YES;
				CLANG_ANALYZER_NONNULL = YES;
				CLANG_ANALYZER_NUMBER_OBJECT_CONVERSION = YES_AGGRESSIVE;
				CLANG_CXX_LANGUAGE_STANDARD = "gnu++20";
				CLANG_ENABLE_MODULES = YES;
				CLANG_ENABLE_OBJC_ARC = YES;
				CLANG_ENABLE_OBJC_WEAK = YES;
				CLANG_WARN_BLOCK_CAPTURE_AUTORELEASING = YES;
				CLANG_WARN_BOOL_CONVERSION = YES;
				CLANG_WARN_COMMA = YES;
				CLANG_WARN_CONSTANT_CONVERSION = YES;
				CLANG_WARN_DEPRECATED_OBJC_IMPLEMENTATIONS = YES;
				CLANG_WARN_DIRECT_OBJC_ISA_USAGE = YES_ERROR;
				CLANG_WARN_DOCUMENTATION_COMMENTS = YES;
				CLANG_WARN_EMPTY_BODY = YES;
				CLANG_WARN_ENUM_CONVERSION = YES;
				CLANG_WARN_INFINITE_RECURSION = YES;
				CLANG_WARN_INT_CONVERSION = YES;
				CLANG_WARN_NON_LITERAL_NULL_CONVERSION = YES;
				CLANG_WARN_OBJC_IMPLICIT_RETAIN_SELF = YES;
				CLANG_WARN_OBJC_LITERAL_CONVERSION = YES;
				CLANG_WARN_OBJC_ROOT_CLASS = YES_ERROR;
				CLANG_WARN_QUOTED_INCLUDE_IN_FRAMEWORK_HEADER = YES;
				CLANG_WARN_RANGE_LOOP_ANALYSIS = YES;
				CLANG_WARN_STRICT_PROTOTYPES = YES;
				CLANG_WARN_SUSPICIOUS_MOVE = YES;
				CLANG_WARN_UNGUARDED_AVAILABILITY = YES_AGGRESSIVE;
				CLANG_WARN_UNREACHABLE_CODE = YES;
				CLANG_WARN__DUPLICATE_METHOD_MATCH = YES;
				COPY_PHASE_STRIP = NO;
				DEBUG_INFORMATION_FORMAT = "dwarf-with-dsym";
				ENABLE_NS_ASSERTIONS = NO;
				ENABLE_STRICT_OBJC_MSGSEND = YES;
				ENABLE_USER_SCRIPT_SANDBOXING = YES;
				GCC_C_LANGUAGE_STANDARD = gnu17;
				GCC_NO_COMMON_BLOCKS = YES;
				GCC_WARN_64_TO_32_BIT_CONVERSION = YES;
				GCC_WARN_ABOUT_RETURN_TYPE = YES_ERROR;
				GCC_WARN_UNDECLARED_SELECTOR = YES;
				GCC_WARN_UNINITIALIZED_AUTOS = YES_AGGRESSIVE;
				GCC_WARN_UNUSED_FUNCTION = YES;
				GCC_WARN_UNUSED_VARIABLE = YES;
				LOCALIZATION_PREFERS_STRING_CATALOGS = YES;
				MTL_ENABLE_DEBUG_INFO = NO;
				MTL_FAST_MATH = YES;
				SWIFT_COMPILATION_MODE = wholemodule;
			};
			name = Release;
		};
		9AA8A70A2BE8572C0052BD52 /* Debug */ = {
			isa = XCBuildConfiguration;
			buildSettings = {
				ASSETCATALOG_COMPILER_APPICON_NAME = AppIcon;
				ASSETCATALOG_COMPILER_GLOBAL_ACCENT_COLOR_NAME = AccentColor;
				CODE_SIGN_ENTITLEMENTS = Memorize/Memorize.entitlements;
				CODE_SIGN_STYLE = Automatic;
				CURRENT_PROJECT_VERSION = 1;
				DEVELOPMENT_ASSET_PATHS = "\"Memorize/Preview Content\"";
				DEVELOPMENT_TEAM = TSA7DG7F44;
				ENABLE_HARDENED_RUNTIME = YES;
				ENABLE_PREVIEWS = YES;
				GENERATE_INFOPLIST_FILE = YES;
				"INFOPLIST_KEY_UIApplicationSceneManifest_Generation[sdk=iphoneos*]" = YES;
				"INFOPLIST_KEY_UIApplicationSceneManifest_Generation[sdk=iphonesimulator*]" = YES;
				"INFOPLIST_KEY_UIApplicationSupportsIndirectInputEvents[sdk=iphoneos*]" = YES;
				"INFOPLIST_KEY_UIApplicationSupportsIndirectInputEvents[sdk=iphonesimulator*]" = YES;
				"INFOPLIST_KEY_UILaunchScreen_Generation[sdk=iphoneos*]" = YES;
				"INFOPLIST_KEY_UILaunchScreen_Generation[sdk=iphonesimulator*]" = YES;
				"INFOPLIST_KEY_UIStatusBarStyle[sdk=iphoneos*]" = UIStatusBarStyleDefault;
				"INFOPLIST_KEY_UIStatusBarStyle[sdk=iphonesimulator*]" = UIStatusBarStyleDefault;
				INFOPLIST_KEY_UISupportedInterfaceOrientations_iPad = "UIInterfaceOrientationPortrait UIInterfaceOrientationPortraitUpsideDown UIInterfaceOrientationLandscapeLeft UIInterfaceOrientationLandscapeRight";
				INFOPLIST_KEY_UISupportedInterfaceOrientations_iPhone = "UIInterfaceOrientationPortrait UIInterfaceOrientationLandscapeLeft UIInterfaceOrientationLandscapeRight";
				IPHONEOS_DEPLOYMENT_TARGET = 17.4;
				LD_RUNPATH_SEARCH_PATHS = "@executable_path/Frameworks";
				"LD_RUNPATH_SEARCH_PATHS[sdk=macosx*]" = "@executable_path/../Frameworks";
				MACOSX_DEPLOYMENT_TARGET = 14.4;
				MARKETING_VERSION = 1.0;
				PRODUCT_BUNDLE_IDENTIFIER = ts.Memorize;
				PRODUCT_NAME = "$(TARGET_NAME)";
				SDKROOT = auto;
				SUPPORTED_PLATFORMS = "iphoneos iphonesimulator macosx";
				SWIFT_EMIT_LOC_STRINGS = YES;
				SWIFT_VERSION = 5.0;
				TARGETED_DEVICE_FAMILY = "1,2";
			};
			name = Debug;
		};
		9AA8A70B2BE8572C0052BD52 /* Release */ = {
			isa = XCBuildConfiguration;
			buildSettings = {
				ASSETCATALOG_COMPILER_APPICON_NAME = AppIcon;
				ASSETCATALOG_COMPILER_GLOBAL_ACCENT_COLOR_NAME = AccentColor;
				CODE_SIGN_ENTITLEMENTS = Memorize/Memorize.entitlements;
				CODE_SIGN_STYLE = Automatic;
				CURRENT_PROJECT_VERSION = 1;
				DEVELOPMENT_ASSET_PATHS = "\"Memorize/Preview Content\"";
				DEVELOPMENT_TEAM = TSA7DG7F44;
				ENABLE_HARDENED_RUNTIME = YES;
				ENABLE_PREVIEWS = YES;
				GENERATE_INFOPLIST_FILE = YES;
				"INFOPLIST_KEY_UIApplicationSceneManifest_Generation[sdk=iphoneos*]" = YES;
				"INFOPLIST_KEY_UIApplicationSceneManifest_Generation[sdk=iphonesimulator*]" = YES;
				"INFOPLIST_KEY_UIApplicationSupportsIndirectInputEvents[sdk=iphoneos*]" = YES;
				"INFOPLIST_KEY_UIApplicationSupportsIndirectInputEvents[sdk=iphonesimulator*]" = YES;
				"INFOPLIST_KEY_UILaunchScreen_Generation[sdk=iphoneos*]" = YES;
				"INFOPLIST_KEY_UILaunchScreen_Generation[sdk=iphonesimulator*]" = YES;
				"INFOPLIST_KEY_UIStatusBarStyle[sdk=iphoneos*]" = UIStatusBarStyleDefault;
				"INFOPLIST_KEY_UIStatusBarStyle[sdk=iphonesimulator*]" = UIStatusBarStyleDefault;
				INFOPLIST_KEY_UISupportedInterfaceOrientations_iPad = "UIInterfaceOrientationPortrait UIInterfaceOrientationPortraitUpsideDown UIInterfaceOrientationLandscapeLeft UIInterfaceOrientationLandscapeRight";
				INFOPLIST_KEY_UISupportedInterfaceOrientations_iPhone = "UIInterfaceOrientationPortrait UIInterfaceOrientationLandscapeLeft UIInterfaceOrientationLandscapeRight";
				IPHONEOS_DEPLOYMENT_TARGET = 17.4;
				LD_RUNPATH_SEARCH_PATHS = "@executable_path/Frameworks";
				"LD_RUNPATH_SEARCH_PATHS[sdk=macosx*]" = "@executable_path/../Frameworks";
				MACOSX_DEPLOYMENT_TARGET = 14.4;
				MARKETING_VERSION = 1.0;
				PRODUCT_BUNDLE_IDENTIFIER = ts.Memorize;
				PRODUCT_NAME = "$(TARGET_NAME)";
				SDKROOT = auto;
				SUPPORTED_PLATFORMS = "iphoneos iphonesimulator macosx";
				SWIFT_EMIT_LOC_STRINGS = YES;
				SWIFT_VERSION = 5.0;
				TARGETED_DEVICE_FAMILY = "1,2";
			};
			name = Release;
		};
		9AA8A70D2BE8572C0052BD52 /* Debug */ = {
			isa = XCBuildConfiguration;
			buildSettings = {
				ALWAYS_EMBED_SWIFT_STANDARD_LIBRARIES = YES;
				BUNDLE_LOADER = "$(TEST_HOST)";
				CODE_SIGN_STYLE = Automatic;
				CURRENT_PROJECT_VERSION = 1;
				DEVELOPMENT_TEAM = TSA7DG7F44;
				GENERATE_INFOPLIST_FILE = YES;
				IPHONEOS_DEPLOYMENT_TARGET = 17.4;
				MACOSX_DEPLOYMENT_TARGET = 14.4;
				MARKETING_VERSION = 1.0;
				PRODUCT_BUNDLE_IDENTIFIER = ts.MemorizeTests;
				PRODUCT_NAME = "$(TARGET_NAME)";
				SDKROOT = auto;
				SUPPORTED_PLATFORMS = "iphoneos iphonesimulator macosx";
				SWIFT_EMIT_LOC_STRINGS = NO;
				SWIFT_VERSION = 5.0;
				TARGETED_DEVICE_FAMILY = "1,2";
				TEST_HOST = "$(BUILT_PRODUCTS_DIR)/Memorize.app/$(BUNDLE_EXECUTABLE_FOLDER_PATH)/Memorize";
			};
			name = Debug;
		};
		9AA8A70E2BE8572C0052BD52 /* Release */ = {
			isa = XCBuildConfiguration;
			buildSettings = {
				ALWAYS_EMBED_SWIFT_STANDARD_LIBRARIES = YES;
				BUNDLE_LOADER = "$(TEST_HOST)";
				CODE_SIGN_STYLE = Automatic;
				CURRENT_PROJECT_VERSION = 1;
				DEVELOPMENT_TEAM = TSA7DG7F44;
				GENERATE_INFOPLIST_FILE = YES;
				IPHONEOS_DEPLOYMENT_TARGET = 17.4;
				MACOSX_DEPLOYMENT_TARGET = 14.4;
				MARKETING_VERSION = 1.0;
				PRODUCT_BUNDLE_IDENTIFIER = ts.MemorizeTests;
				PRODUCT_NAME = "$(TARGET_NAME)";
				SDKROOT = auto;
				SUPPORTED_PLATFORMS = "iphoneos iphonesimulator macosx";
				SWIFT_EMIT_LOC_STRINGS = NO;
				SWIFT_VERSION = 5.0;
				TARGETED_DEVICE_FAMILY = "1,2";
				TEST_HOST = "$(BUILT_PRODUCTS_DIR)/Memorize.app/$(BUNDLE_EXECUTABLE_FOLDER_PATH)/Memorize";
			};
			name = Release;
		};
		9AA8A7102BE8572C0052BD52 /* Debug */ = {
			isa = XCBuildConfiguration;
			buildSettings = {
				ALWAYS_EMBED_SWIFT_STANDARD_LIBRARIES = YES;
				CODE_SIGN_STYLE = Automatic;
				CURRENT_PROJECT_VERSION = 1;
				DEVELOPMENT_TEAM = TSA7DG7F44;
				GENERATE_INFOPLIST_FILE = YES;
				IPHONEOS_DEPLOYMENT_TARGET = 17.4;
				MACOSX_DEPLOYMENT_TARGET = 14.4;
				MARKETING_VERSION = 1.0;
				PRODUCT_BUNDLE_IDENTIFIER = ts.MemorizeUITests;
				PRODUCT_NAME = "$(TARGET_NAME)";
				SDKROOT = auto;
				SUPPORTED_PLATFORMS = "iphoneos iphonesimulator macosx";
				SWIFT_EMIT_LOC_STRINGS = NO;
				SWIFT_VERSION = 5.0;
				TARGETED_DEVICE_FAMILY = "1,2";
				TEST_TARGET_NAME = Memorize;
			};
			name = Debug;
		};
		9AA8A7112BE8572C0052BD52 /* Release */ = {
			isa = XCBuildConfiguration;
			buildSettings = {
				ALWAYS_EMBED_SWIFT_STANDARD_LIBRARIES = YES;
				CODE_SIGN_STYLE = Automatic;
				CURRENT_PROJECT_VERSION = 1;
				DEVELOPMENT_TEAM = TSA7DG7F44;
				GENERATE_INFOPLIST_FILE = YES;
				IPHONEOS_DEPLOYMENT_TARGET = 17.4;
				MACOSX_DEPLOYMENT_TARGET = 14.4;
				MARKETING_VERSION = 1.0;
				PRODUCT_BUNDLE_IDENTIFIER = ts.MemorizeUITests;
				PRODUCT_NAME = "$(TARGET_NAME)";
				SDKROOT = auto;
				SUPPORTED_PLATFORMS = "iphoneos iphonesimulator macosx";
				SWIFT_EMIT_LOC_STRINGS = NO;
				SWIFT_VERSION = 5.0;
				TARGETED_DEVICE_FAMILY = "1,2";
				TEST_TARGET_NAME = Memorize;
			};
			name = Release;
		};
/* End XCBuildConfiguration section */

/* Begin XCConfigurationList section */
		9AA8A6DF2BE8572B0052BD52 /* Build configuration list for PBXProject "Memorize" */ = {
			isa = XCConfigurationList;
			buildConfigurations = (
				9AA8A7072BE8572C0052BD52 /* Debug */,
				9AA8A7082BE8572C0052BD52 /* Release */,
			);
			defaultConfigurationIsVisible = 0;
			defaultConfigurationName = Release;
		};
		9AA8A7092BE8572C0052BD52 /* Build configuration list for PBXNativeTarget "Memorize" */ = {
			isa = XCConfigurationList;
			buildConfigurations = (
				9AA8A70A2BE8572C0052BD52 /* Debug */,
				9AA8A70B2BE8572C0052BD52 /* Release */,
			);
			defaultConfigurationIsVisible = 0;
			defaultConfigurationName = Release;
		};
		9AA8A70C2BE8572C0052BD52 /* Build configuration list for PBXNativeTarget "MemorizeTests" */ = {
			isa = XCConfigurationList;
			buildConfigurations = (
				9AA8A70D2BE8572C0052BD52 /* Debug */,
				9AA8A70E2BE8572C0052BD52 /* Release */,
			);
			defaultConfigurationIsVisible = 0;
			defaultConfigurationName = Release;
		};
		9AA8A70F2BE8572C0052BD52 /* Build configuration list for PBXNativeTarget "MemorizeUITests" */ = {
			isa = XCConfigurationList;
			buildConfigurations = (
				9AA8A7102BE8572C0052BD52 /* Debug */,
				9AA8A7112BE8572C0052BD52 /* Release */,
			);
			defaultConfigurationIsVisible = 0;
			defaultConfigurationName = Release;
		};
/* End XCConfigurationList section */
	};
	rootObject = 9AA8A6DC2BE8572B0052BD52 /* Project object */;
}
